
Microsoft Visual Studio Solution File, Format Version 12.00
# Visual Studio Version 17
VisualStudioVersion = 17.14.36109.1 d17.14
MinimumVisualStudioVersion = 10.0.40219.1
Project("{FAE04EC0-301F-11D3-BF4B-00C04F79EFBC}") = "BulkyWeb", "BulkyWeb\BulkyWeb.csproj", "{92689164-36A4-4CAC-830B-7C1CEFC845DC}"
EndProject
Global
	GlobalSection(SolutionConfigurationPlatforms) = preSolution
		Debug|Any CPU = Debug|Any CPU
		Release|Any CPU = Release|Any CPU
	EndGlobalSection
	GlobalSection(ProjectConfigurationPlatforms) = postSolution
		{92689164-36A4-4CAC-830B-7C1CEFC845DC}.Debug|Any CPU.ActiveCfg = Debug|Any CPU
		{92689164-36A4-4CAC-830B-7C1CEFC845DC}.Debug|Any CPU.Build.0 = Debug|Any CPU
		{92689164-36A4-4CAC-830B-7C1CEFC845DC}.Release|Any CPU.ActiveCfg = Release|Any CPU
		{92689164-36A4-4CAC-830B-7C1CEFC845DC}.Release|Any CPU.Build.0 = Release|Any CPU
	EndGlobalSection
	GlobalSection(SolutionProperties) = preSolution
		HideSolutionNode = FALSE
	EndGlobalSection
	GlobalSection(ExtensibilityGlobals) = postSolution
		SolutionGuid = {1B10D62F-B2D6-44BF-B0E2-62FA074423A8}
	EndGlobalSection
EndGlobal
